
Microsoft Visual Studio Solution File, Format Version 12.00
# Visual Studio Version 17
VisualStudioVersion = 17.13.35507.96
MinimumVisualStudioVersion = 10.0.40219.1
Project("{FAE04EC0-301F-11D3-BF4B-00C04F79EFBC}") = "Factory Method", "Factory Method\Factory Method.csproj", "{0ABAB254-08B8-4E7E-A9A2-C483943D23B9}"
EndProject
Project("{FAE04EC0-301F-11D3-BF4B-00C04F79EFBC}") = "Abstract factory", "Abstract factory\Abstract factory.csproj", "{03ECC019-A69E-4867-8971-24C3ADC2F5BC}"
EndProject
Project("{FAE04EC0-301F-11D3-BF4B-00C04F79EFBC}") = "Singleton", "Singleton\Singleton.csproj", "{D9DA402F-0B64-4FB1-BDEA-CE787CE79EF9}"
EndProject
Project("{FAE04EC0-301F-11D3-BF4B-00C04F79EFBC}") = "Prototype", "Prototype\Prototype.csproj", "{E06BC9E6-3DBA-4FFA-8620-5853F00BBF1E}"
EndProject
Project("{FAE04EC0-301F-11D3-BF4B-00C04F79EFBC}") = "Builder", "Builder\Builder.csproj", "{31113CA8-B2D2-4FD0-A8B9-96A35F996BD7}"
EndProject
Global
	GlobalSection(SolutionConfigurationPlatforms) = preSolution
		Debug|Any CPU = Debug|Any CPU
		Release|Any CPU = Release|Any CPU
	EndGlobalSection
	GlobalSection(ProjectConfigurationPlatforms) = postSolution
		{0ABAB254-08B8-4E7E-A9A2-C483943D23B9}.Debug|Any CPU.ActiveCfg = Debug|Any CPU
		{0ABAB254-08B8-4E7E-A9A2-C483943D23B9}.Debug|Any CPU.Build.0 = Debug|Any CPU
		{0ABAB254-08B8-4E7E-A9A2-C483943D23B9}.Release|Any CPU.ActiveCfg = Release|Any CPU
		{0ABAB254-08B8-4E7E-A9A2-C483943D23B9}.Release|Any CPU.Build.0 = Release|Any CPU
		{03ECC019-A69E-4867-8971-24C3ADC2F5BC}.Debug|Any CPU.ActiveCfg = Debug|Any CPU
		{03ECC019-A69E-4867-8971-24C3ADC2F5BC}.Debug|Any CPU.Build.0 = Debug|Any CPU
		{03ECC019-A69E-4867-8971-24C3ADC2F5BC}.Release|Any CPU.ActiveCfg = Release|Any CPU
		{03ECC019-A69E-4867-8971-24C3ADC2F5BC}.Release|Any CPU.Build.0 = Release|Any CPU
		{D9DA402F-0B64-4FB1-BDEA-CE787CE79EF9}.Debug|Any CPU.ActiveCfg = Debug|Any CPU
		{D9DA402F-0B64-4FB1-BDEA-CE787CE79EF9}.Debug|Any CPU.Build.0 = Debug|Any CPU
		{D9DA402F-0B64-4FB1-BDEA-CE787CE79EF9}.Release|Any CPU.ActiveCfg = Release|Any CPU
		{D9DA402F-0B64-4FB1-BDEA-CE787CE79EF9}.Release|Any CPU.Build.0 = Release|Any CPU
		{E06BC9E6-3DBA-4FFA-8620-5853F00BBF1E}.Debug|Any CPU.ActiveCfg = Debug|Any CPU
		{E06BC9E6-3DBA-4FFA-8620-5853F00BBF1E}.Debug|Any CPU.Build.0 = Debug|Any CPU
		{E06BC9E6-3DBA-4FFA-8620-5853F00BBF1E}.Release|Any CPU.ActiveCfg = Release|Any CPU
		{E06BC9E6-3DBA-4FFA-8620-5853F00BBF1E}.Release|Any CPU.Build.0 = Release|Any CPU
		{31113CA8-B2D2-4FD0-A8B9-96A35F996BD7}.Debug|Any CPU.ActiveCfg = Debug|Any CPU
		{31113CA8-B2D2-4FD0-A8B9-96A35F996BD7}.Debug|Any CPU.Build.0 = Debug|Any CPU
		{31113CA8-B2D2-4FD0-A8B9-96A35F996BD7}.Release|Any CPU.ActiveCfg = Release|Any CPU
		{31113CA8-B2D2-4FD0-A8B9-96A35F996BD7}.Release|Any CPU.Build.0 = Release|Any CPU
	EndGlobalSection
	GlobalSection(SolutionProperties) = preSolution
		HideSolutionNode = FALSE
	EndGlobalSection
	GlobalSection(ExtensibilityGlobals) = postSolution
		SolutionGuid = {C2BAF4C5-1020-4175-BEDA-CA2BB958CE89}
	EndGlobalSection
EndGlobal
